{
  "lockfileVersion": 1,
  "workspaces": {
    "": {
      "name": "ailen-loteadora",
      "dependencies": {
        "font-awesome": "^4.7.0",
        "jquery": "^3.7.1",
        "leaflet": "^1.9.4",
        "leaflet-omnivore": "^0.3.4",
        "leaflet.gridlayer.googlemutant": "^0.14.1",
        "pace-js": "^1.2.4",
      },
      "devDependencies": {
        "@types/bun": "latest",
      },
      "peerDependencies": {
        "typescript": "^5.0.0",
      },
    },
  },
  "packages": {
    "@types/bun": ["@types/bun@1.2.2", "", { "dependencies": { "bun-types": "1.2.2" } }, "sha512-tr74gdku+AEDN5ergNiBnplr7hpDp3V1h7fqI2GcR/rsUaM39jpSeKH0TFibRvU0KwniRx5POgaYnaXbk0hU+w=="],

    "@types/node": ["@types/node@22.13.1", "", { "dependencies": { "undici-types": "~6.20.0" } }, "sha512-jK8uzQlrvXqEU91UxiK5J7pKHyzgnI1Qnl0QDHIgVGuolJhRb9EEl28Cj9b3rGR8B2lhFCtvIm5os8lFnO/1Ew=="],

    "@types/ws": ["@types/ws@8.5.14", "", { "dependencies": { "@types/node": "*" } }, "sha512-bd/YFLW+URhBzMXurx7lWByOu+xzU9+kb3RboOteXYDfW+tr+JZa99OyNmPINEGB/ahzKrEuc8rcv4gnpJmxTw=="],

    "acorn": ["acorn@7.4.1", "", { "bin": { "acorn": "bin/acorn" } }, "sha512-nQyp0o1/mNdbTO1PO6kHkwSrmgZ0MT/jCCpNiwbUjGoRN4dlBhqJtoQuCnEOKzgTVwg0ZWiCoQy6SxMebQVh8A=="],

    "amdefine": ["amdefine@1.0.1", "", {}, "sha512-S2Hw0TtNkMJhIabBwIojKL9YHO5T0n5eNqWJ7Lrlel/zDbftQpxpapi8tZs3X1HWa+u+QeydGmzzNU0m09+Rcg=="],

    "brfs": ["brfs@1.4.3", "", { "dependencies": { "quote-stream": "^1.0.1", "resolve": "^1.1.5", "static-module": "^1.1.0", "through2": "^2.0.0" }, "bin": { "brfs": "bin/cmd.js" } }, "sha512-fHHsBNkim3FJNT4j5GsfcCEEq5nZAZxKQl2L1haCkh41Q3+Ib0aX23PTCjWOGis/Ywx6IQ/OY/xj31z/k3j4qw=="],

    "buffer-equal": ["buffer-equal@0.0.1", "", {}, "sha512-RgSV6InVQ9ODPdLWJ5UAqBqJBOg370Nz6ZQtRzpt6nUjc8v0St97uJ4PYC6NztqIScrAXafKM3mZPMygSe1ggA=="],

    "buffer-from": ["buffer-from@1.1.2", "", {}, "sha512-E+XQCRwSbaaiChtv6k6Dwgc+bx+Bs6vuKJHHl5kox/BaKbhiXzqQOwK4cO22yElGp2OCmjwVhT3HmxgyPGnJfQ=="],

    "bun-types": ["bun-types@1.2.2", "", { "dependencies": { "@types/node": "*", "@types/ws": "~8.5.10" } }, "sha512-RCbMH5elr9gjgDGDhkTTugA21XtJAy/9jkKe/G3WR2q17VPGhcquf9Sir6uay9iW+7P/BV0CAHA1XlHXMAVKHg=="],

    "concat-stream": ["concat-stream@1.5.2", "", { "dependencies": { "inherits": "~2.0.1", "readable-stream": "~2.0.0", "typedarray": "~0.0.5" } }, "sha512-H6xsIBfQ94aESBG8jGHXQ7i5AEpy5ZeVaLDOisDICiTCKpqEfr34/KmTrspKQNoLKNu9gTkovlpQcUi630AKiQ=="],

    "core-util-is": ["core-util-is@1.0.3", "", {}, "sha512-ZQBvi1DcpJ4GDqanjucZ2Hj3wEO5pZDS89BWbkcrvdxksJorwUDDZamX9ldFkp9aw2lmBDLgkObEA4DWNJ9FYQ=="],

    "corslite": ["corslite@0.0.7", "", {}, "sha512-XJwov1fnFuhJBiBlAdu0eV8dVjif4TAbCPX3CzaG5dyfNvb/3GlyRk0t6yj31wiZOGqMReOTSVOgygaynSn0bg=="],

    "csv2geojson": ["csv2geojson@5.0.2", "", { "dependencies": { "concat-stream": "~1.5.1", "d3-dsv": "1.0.1", "optimist": "~0.6.1", "sexagesimal": "0.5.0" }, "bin": { "csv2geojson": "csv2geojson" } }, "sha512-hcO+NVF6CO0ZtjwEJ4D7c/dVdiaEqqWZOpQvmNY7PS5LzQbpSKghQ9TuQTgzPCqlzcmrpfzPsA9rVENb5LRNAw=="],

    "d3": ["d3@3.5.17", "", {}, "sha512-yFk/2idb8OHPKkbAL8QaOaqENNoMhIaSHZerk3oQsECwkObkCpJyjYwCe+OHiq6UEdhe1m8ZGARRRO3ljFjlKg=="],

    "d3-dsv": ["d3-dsv@1.0.1", "", { "dependencies": { "rw": "1" }, "bin": { "csv2tsv": "./bin/csv2tsv", "csv2json": "./bin/csv2json", "tsv2csv": "./bin/tsv2csv", "tsv2json": "./bin/tsv2json" } }, "sha512-VjRi8bmInbdZsnNr5inlWEEd7GutNcQUb+gXgr4LUyt+8lZjAxU2PBPMNMBBLHCPwosiFcmdwBfnWFpN4/khsQ=="],

    "d3-geo-projection": ["d3-geo-projection@0.2.16", "", { "dependencies": { "brfs": "^1.3.0" } }, "sha512-NB4/NRMnfJnpodvRbNY/nOzuoU17P229ASYf2l1GwjZyfD7l5aIuMylDMbIBF4y42BGZZvGdUwFW8iFM/5UBzg=="],

    "d3-queue": ["d3-queue@2.0.3", "", {}, "sha512-ejbdHqZYEmk9ns/ljSbEcD6VRiuNwAkZMdFf6rsUb3vHROK5iMFd8xewDQnUVr6m/ba2BG63KmR/LySfsluxbg=="],

    "duplexer2": ["duplexer2@0.0.2", "", { "dependencies": { "readable-stream": "~1.1.9" } }, "sha512-+AWBwjGadtksxjOQSFDhPNQbed7icNXApT4+2BNpsXzcCBiInq2H9XW0O8sfHFaPmnQRs7cg/P0fAr2IWQSW0g=="],

    "escodegen": ["escodegen@1.3.3", "", { "dependencies": { "esprima": "~1.1.1", "estraverse": "~1.5.0", "esutils": "~1.0.0" }, "optionalDependencies": { "source-map": "~0.1.33" }, "bin": { "esgenerate": "./bin/esgenerate.js", "escodegen": "./bin/escodegen.js" } }, "sha512-z9FWgKc48wjMlpzF5ymKS1AF8OIgnKLp9VyN7KbdtyrP/9lndwUFqCtMm+TAJmJf7KJFFYc4cFJfVTTGkKEwsA=="],

    "esprima": ["esprima@1.1.1", "", { "bin": { "esparse": "./bin/esparse.js", "esvalidate": "./bin/esvalidate.js" } }, "sha512-qxxB994/7NtERxgXdFgLHIs9M6bhLXc6qtUmWZ3L8+gTQ9qaoyki2887P2IqAYsoENyr8SUbTutStDniOHSDHg=="],

    "estraverse": ["estraverse@1.5.1", "", {}, "sha512-FpCjJDfmo3vsc/1zKSeqR5k42tcIhxFIlvq+h9j0fO2q/h2uLKyweq7rYJ+0CoVvrGQOxIS5wyBrW/+vF58BUQ=="],

    "esutils": ["esutils@1.0.0", "", {}, "sha512-x/iYH53X3quDwfHRz4y8rn4XcEwwCJeWsul9pF1zldMbGtgOtMNBEOuYWwB1EQlK2LRa1fev3YAgym/RElp5Cg=="],

    "falafel": ["falafel@2.2.5", "", { "dependencies": { "acorn": "^7.1.1", "isarray": "^2.0.1" } }, "sha512-HuC1qF9iTnHDnML9YZAdCDQwT0yKl/U55K4XSUXqGAA2GLoafFgWRqdAbhWJxXaYD4pyoVxAJ8wH670jMpI9DQ=="],

    "font-awesome": ["font-awesome@4.7.0", "", {}, "sha512-U6kGnykA/6bFmg1M/oT9EkFeIYv7JlX3bozwQJWiiLz6L0w3F5vBVPxHlwyX/vtNq1ckcpRKOB9f2Qal/VtFpg=="],

    "function-bind": ["function-bind@1.1.2", "", {}, "sha512-7XHNxH7qX9xG5mIwxkhumTox/MIRNcOgDrxWsMt2pAr23WHp6MrRlN7FBSFpCpr+oVO0F744iUgR82nJMfG2SA=="],

    "has": ["has@1.0.4", "", {}, "sha512-qdSAmqLF6209RFj4VVItywPMbm3vWylknmB3nvNiUIs72xAimcM8nVYxYr7ncvZq5qzk9MKIZR8ijqD/1QuYjQ=="],

    "hasown": ["hasown@2.0.2", "", { "dependencies": { "function-bind": "^1.1.2" } }, "sha512-0hJU9SCPvmMzIBdZFqNPXWa6dqh7WdH0cII9y+CyS8rG3nL48Bclra9HmKhVVUHyPWNH5Y7xDwAB7bfgSjkUMQ=="],

    "iconv-lite": ["iconv-lite@0.2.11", "", {}, "sha512-KhmFWgaQZY83Cbhi+ADInoUQ8Etn6BG5fikM9syeOjQltvR45h7cRKJ/9uvQEuD61I3Uju77yYce0/LhKVClQw=="],

    "inherits": ["inherits@2.0.4", "", {}, "sha512-k/vGaX4/Yla3WzyMCvTQOXYeIHvqOKtnqBduzTHpzpQZzAskKMhZ2K+EnBiSM9zGSoIFeMpXKxa4dYeZIQqewQ=="],

    "is-core-module": ["is-core-module@2.16.1", "", { "dependencies": { "hasown": "^2.0.2" } }, "sha512-UfoeMA6fIJ8wTYFEUjelnaGI67v6+N7qXJEvQuIGa99l4xsCruSYOVSQ0uPANn4dAzm8lkYPaKLrrijLq7x23w=="],

    "isarray": ["isarray@2.0.5", "", {}, "sha512-xHjhDr3cNBK0BzdUJSPXZntQUx/mwMS5Rw4A7lPJ90XGAO6ISP/ePDNuo0vhqOZU+UD5JoodwCAAoZQd3FeAKw=="],

    "jquery": ["jquery@3.7.1", "", {}, "sha512-m4avr8yL8kmFN8psrbFFFmB/If14iN5o9nw/NgnnM+kybDJpRsAynV2BsfpTYrTRysYUdADVD7CkUUizgkpLfg=="],

    "leaflet": ["leaflet@1.9.4", "", {}, "sha512-nxS1ynzJOmOlHp+iL3FyWqK89GtNL8U8rvlMOsQdTTssxZwCXh8N2NB3GDQOL+YR3XnWyZAxwQixURb+FA74PA=="],

    "leaflet-omnivore": ["leaflet-omnivore@0.3.4", "", { "dependencies": { "brfs": "1.4.3", "corslite": "0.0.7", "csv2geojson": "~5.0.0", "polyline": "0.2.0", "togeojson": "0.13.0", "topojson": "1.6.26", "wellknown": "0.4.2" } }, "sha512-g47f2mk5ZaA7fIyoHMjYQS4ClCqv2in017Q4LXR3vG+XXZbl/62v5Mv5UArA3f/YkhJYyWhBfREeXIfjRm4kVg=="],

    "leaflet.gridlayer.googlemutant": ["leaflet.gridlayer.googlemutant@0.14.1", "", {}, "sha512-/OYxEjmgxO1U1KOhTzg+m8c0b95J0943LU8DXQmdJu/x2f+1Ur78rvEPO2QCS0cmwZ3m6FvE5I3zXnBzJNWRCA=="],

    "minimist": ["minimist@0.0.8", "", {}, "sha512-miQKw5Hv4NS1Psg2517mV4e4dYNaO3++hjAvLOAzKqZ61rH8NS1SK+vbfBWZ5PY/Me/bEWhUwqMghEW5Fb9T7Q=="],

    "object-inspect": ["object-inspect@0.4.0", "", {}, "sha512-8WvkvUZiKAjjsy/63rJjA7jw9uyF0CLVLjBKEfnPHE3Jxvs1LgwqL2OmJN+LliIX1vrzKW+AAu02Cc+xv27ncQ=="],

    "object-keys": ["object-keys@0.4.0", "", {}, "sha512-ncrLw+X55z7bkl5PnUvHwFK9FcGuFYo9gtjws2XtSzL+aZ8tm830P60WJ0dSmFVaSalWieW5MD7kEdnXda9yJw=="],

    "optimist": ["optimist@0.6.1", "", { "dependencies": { "minimist": "~0.0.1", "wordwrap": "~0.0.2" } }, "sha512-snN4O4TkigujZphWLN0E//nQmm7790RYaE53DdL7ZYwee2D8DDo9/EyYiKUfN3rneWUjhJnueija3G9I2i0h3g=="],

    "pace-js": ["pace-js@1.2.4", "", {}, "sha512-qnCxtvUoY9yHId0AwMQCVmWltb698GiuVArmDbQzonTu9QCo0SgWUVnX9jB9mi+/FUSWvQULBPxUAAo/kLrh1A=="],

    "path-parse": ["path-parse@1.0.7", "", {}, "sha512-LDJzPVEEEPR+y48z93A0Ed0yXb8pAByGWo/k5YYdYgpY2/2EsOsksJrq7lOHxryrVOn1ejG6oAp8ahvOIQD8sw=="],

    "polyline": ["polyline@0.2.0", "", {}, "sha512-rCJSkIHWZ/HOUoEWgjZ1DrRjLpTeTjgaktyJV0yhm8PugM5sKoavNjUHtI/amjsTn/Tq+Q3IIAuBD/dUSsWwxQ=="],

    "process-nextick-args": ["process-nextick-args@2.0.1", "", {}, "sha512-3ouUOpQhtgrbOa17J7+uxOTpITYWaGP7/AhoR3+A+/1e9skrzelGi/dXzEYyvbxubEF6Wn2ypscTKiKJFFn1ag=="],

    "quote-stream": ["quote-stream@1.0.2", "", { "dependencies": { "buffer-equal": "0.0.1", "minimist": "^1.1.3", "through2": "^2.0.0" }, "bin": { "quote-stream": "bin/cmd.js" } }, "sha512-kKr2uQ2AokadPjvTyKJQad9xELbZwYzWlNfI3Uz2j/ib5u6H9lDP7fUUR//rMycd0gv4Z5P1qXMfXR8YpIxrjQ=="],

    "readable-stream": ["readable-stream@1.0.34", "", { "dependencies": { "core-util-is": "~1.0.0", "inherits": "~2.0.1", "isarray": "0.0.1", "string_decoder": "~0.10.x" } }, "sha512-ok1qVCJuRkNmvebYikljxJA/UEsKwLl2nI1OmaqAu4/UE+h0wKCHok4XkL/gvi39OacXvw59RJUOFUkDib2rHg=="],

    "resolve": ["resolve@1.22.10", "", { "dependencies": { "is-core-module": "^2.16.0", "path-parse": "^1.0.7", "supports-preserve-symlinks-flag": "^1.0.0" }, "bin": { "resolve": "bin/resolve" } }, "sha512-NPRy+/ncIMeDlTAsuqwKIiferiawhefFJtkNSW0qZJEqMEb+qBt/77B/jGeeek+F0uOeN05CDa6HXbbIgtVX4w=="],

    "rw": ["rw@1.3.3", "", {}, "sha512-PdhdWy89SiZogBLaw42zdeqtRJ//zFd2PgQavcICDUgJT5oW10QCRKbJ6bg4r0/UY2M6BWd5tkxuGFRvCkgfHQ=="],

    "safe-buffer": ["safe-buffer@5.1.2", "", {}, "sha512-Gd2UZBJDkXlY7GbJxfsE8/nvKkUEU1G38c1siN6QP6a9PT9MmHB8GnpscSmMJSoF8LOIrt8ud/wPtojys4G6+g=="],

    "sexagesimal": ["sexagesimal@0.5.0", "", { "bin": { "sexagesimal": "bin/sexagesimal" } }, "sha512-xwbZEEGr5SQxON2PskNQQmPjrir+rnkaAoZqeHEDQ29fElSgpOh2rA5tBmZZd07NyBgUpU5/budc6wWm2Wjy+w=="],

    "shallow-copy": ["shallow-copy@0.0.1", "", {}, "sha512-b6i4ZpVuUxB9h5gfCxPiusKYkqTMOjEbBs4wMaFbkfia4yFv92UKZ6Df8WXcKbn08JNL/abvg3FnMAOfakDvUw=="],

    "shapefile": ["shapefile@0.3.1", "", { "dependencies": { "d3-queue": "1", "iconv-lite": "0.2", "optimist": "0.3" }, "bin": { "dbfcat": "./bin/dbfcat", "shpcat": "./bin/shpcat", "shp2json": "./bin/shp2json" } }, "sha512-BZoPvnq4ULce0pyKiZUU4D8CdPl0Z1fpE73AeCkwyMbD2hpUeVA0s7jIE/wX8uWNruVeJV6e+rznPHBwuH5J6g=="],

    "source-map": ["source-map@0.1.43", "", { "dependencies": { "amdefine": ">=0.0.4" } }, "sha512-VtCvB9SIQhk3aF6h+N85EaqIaBFIAfZ9Cu+NJHHVvc8BbEcnvDcFw6sqQ2dQrT6SlOrZq3tIvyD9+EGq/lJryQ=="],

    "static-eval": ["static-eval@0.2.4", "", { "dependencies": { "escodegen": "~0.0.24" } }, "sha512-6dWWPfa/0+1zULdQi7ssT5EQZHsGK8LygBzhE/HdafNCo4e/Ibt7vLPfxBw9VcdVV+t0ARtN4ZAJKtApVc0A5Q=="],

    "static-module": ["static-module@1.5.0", "", { "dependencies": { "concat-stream": "~1.6.0", "duplexer2": "~0.0.2", "escodegen": "~1.3.2", "falafel": "^2.1.0", "has": "^1.0.0", "object-inspect": "~0.4.0", "quote-stream": "~0.0.0", "readable-stream": "~1.0.27-1", "shallow-copy": "~0.0.1", "static-eval": "~0.2.0", "through2": "~0.4.1" } }, "sha512-XTj7pQOHT33l77lK/Pu8UXqzI44C6LYAqwAc9hLTTESHRqJAFudBpReuopFPpoRr5CtOoSmGfFQC6FPlbDnyCw=="],

    "string_decoder": ["string_decoder@0.10.31", "", {}, "sha512-ev2QzSzWPYmy9GuqfIVildA4OdcGLeFZQrq5ys6RtiuF+RQQiZWr8TZNyAcuVXyQRYfEO+MsoB/1BuQVhOJuoQ=="],

    "supports-preserve-symlinks-flag": ["supports-preserve-symlinks-flag@1.0.0", "", {}, "sha512-ot0WnXS9fgdkgIcePe6RHNk1WA8+muPa6cSjeR3V8K27q9BB1rTE3R1p7Hv0z1ZyAc8s6Vvv8DIyWf681MAt0w=="],

    "through2": ["through2@2.0.5", "", { "dependencies": { "readable-stream": "~2.3.6", "xtend": "~4.0.1" } }, "sha512-/mrRod8xqpA+IHSLyGCQ2s8SPHiCDEeQJSep1jqLYeEUClOFG2Qsh+4FU6G9VeqpZnGW/Su8LQGc4YKni5rYSQ=="],

    "togeojson": ["togeojson@0.13.0", "", { "dependencies": { "concat-stream": "~1.4.5", "minimist": "0.0.8", "xmldom": "~0.1.19" }, "bin": { "togeojson": "togeojson" } }, "sha512-d8qA5mSUpnqYBQDuq0Lhgl1rMUOWwrHh50Qy00qkk3SuwjYnaxZR2h8pXMOrMGa6d/7m1YmStOI4CMRa14K46A=="],

    "topojson": ["topojson@1.6.26", "", { "dependencies": { "d3": "3", "d3-geo-projection": "0.2", "d3-queue": "2", "optimist": "0.3", "rw": "1", "shapefile": "0.3" }, "bin": { "topojson": "./bin/topojson", "topojson-geojson": "./bin/topojson-geojson", "topojson-group": "./bin/topojson-group", "topojson-merge": "./bin/topojson-merge", "topojson-svg": "./bin/topojson-svg" } }, "sha512-W0B6UMeC9ZzH6OQ4vWG8tGb6ITis7/gDG0nNq13GL/ysy1LKU07HM0GtjQMrecQ/Q8S5EP7sjpjBjoKiz6P3nQ=="],

    "typedarray": ["typedarray@0.0.7", "", {}, "sha512-ueeb9YybpjhivjbHP2LdFDAjbS948fGEPj+ACAMs4xCMmh72OCOMQWBQKlaN4ZNQ04yfLSDLSx1tGRIoWimObQ=="],

    "typescript": ["typescript@5.7.3", "", { "bin": { "tsc": "bin/tsc", "tsserver": "bin/tsserver" } }, "sha512-84MVSjMEHP+FQRPy3pX9sTVV/INIex71s9TL2Gm5FG/WG1SqXeKyZ0k7/blY/4FdOzI12CBy1vGc4og/eus0fw=="],

    "undici-types": ["undici-types@6.20.0", "", {}, "sha512-Ny6QZ2Nju20vw1SRHe3d9jVu6gJ+4e3+MMpqu7pqE5HT6WsTSlce++GQmK5UXS8mzV8DSYHrQH+Xrf2jVcuKNg=="],

    "util-deprecate": ["util-deprecate@1.0.2", "", {}, "sha512-EPD5q1uXyFxJpCrLnCc1nHnq3gOa6DZBocAIiI2TaSCA7VCJ1UJDMagCzIkXNsUYfD1daK//LTEQ8xiIbrHtcw=="],

    "wellknown": ["wellknown@0.4.2", "", { "dependencies": { "concat-stream": "~1.5.0", "minimist": "~1.1.2" }, "bin": { "wellknown": "cli.js" } }, "sha512-ivKT+rEy/GKU3q4Yi0dT/OnkMPXmUJF0SoPwthcCh2cr4PFeEeFjIENV3kB2WF7KgLakl2J0kbkcEMDl3WXSUA=="],

    "wordwrap": ["wordwrap@0.0.3", "", {}, "sha512-1tMA907+V4QmxV7dbRvb4/8MaRALK6q9Abid3ndMYnbyo8piisCmeONVqVSXqQA3KaP4SLt5b7ud6E2sqP8TFw=="],

    "xmldom": ["xmldom@0.1.31", "", {}, "sha512-yS2uJflVQs6n+CyjHoaBmVSqIDevTAWrzMmjG1Gc7h1qQ7uVozNhEPJAwZXWyGQ/Gafo3fCwrcaokezLPupVyQ=="],

    "xtend": ["xtend@4.0.2", "", {}, "sha512-LKYU1iAXJXUgAXn9URjiu+MWhyUXHsvfp7mcuYm9dSUKK0/CjtrUwFAxD82/mCWbtLsGjFIad0wIsod4zrTAEQ=="],

    "concat-stream/readable-stream": ["readable-stream@2.0.6", "", { "dependencies": { "core-util-is": "~1.0.0", "inherits": "~2.0.1", "isarray": "~1.0.0", "process-nextick-args": "~1.0.6", "string_decoder": "~0.10.x", "util-deprecate": "~1.0.1" } }, "sha512-TXcFfb63BQe1+ySzsHZI/5v1aJPCShfqvWJ64ayNImXMsN1Cd0YGk/wm8KB7/OeessgPc9QvS9Zou8QTkFzsLw=="],

    "duplexer2/readable-stream": ["readable-stream@1.1.14", "", { "dependencies": { "core-util-is": "~1.0.0", "inherits": "~2.0.1", "isarray": "0.0.1", "string_decoder": "~0.10.x" } }, "sha512-+MeVjFf4L44XUkhM1eYbD8fyEsxcV81pqMSR5gblfcLCHfZvbrqy4/qYHE+/R5HoBUT11WV5O08Cr1n3YXkWVQ=="],

    "optimist/minimist": ["minimist@0.0.10", "", {}, "sha512-iotkTvxc+TwOm5Ieim8VnSNvCDjCK9S8G3scJ50ZthspSxa7jx50jkhYduuAtAjvfDUwSgOwf8+If99AlOEhyw=="],

    "quote-stream/minimist": ["minimist@1.1.3", "", {}, "sha512-2RbeLaM/Hbo9vJ1+iRrxzfDnX9108qb2m923U+s+Ot2eMey0IYGdSjzHmvtg2XsxoCuMnzOMw7qc573RvnLgwg=="],

    "readable-stream/isarray": ["isarray@0.0.1", "", {}, "sha512-D2S+3GLxWH+uhrNEcoh/fnmYeP8E8/zHl644d/jdA0g2uyXvy3sb0qxotE+ne0LtccHknQzWwZEzhak7oJ0COQ=="],

    "shapefile/d3-queue": ["d3-queue@1.2.3", "", {}, "sha512-m6KtxX4V5pmVf1PqhH4SkQVMshSJfyCLM2vf2oFPi9FWFVT3+rtbCGerk766b/JXymHQDU3oqXHaZoiQ/e8yUQ=="],

    "shapefile/optimist": ["optimist@0.3.7", "", { "dependencies": { "wordwrap": "~0.0.2" } }, "sha512-TCx0dXQzVtSCg2OgY/bO9hjM9cV4XYx09TVK+s3+FhkjT6LovsLe+pPMzpWf+6yXK/hUizs2gUoTw3jHM0VaTQ=="],

    "static-eval/escodegen": ["escodegen@0.0.28", "", { "dependencies": { "esprima": "~1.0.2", "estraverse": "~1.3.0" }, "optionalDependencies": { "source-map": ">= 0.1.2" }, "bin": { "esgenerate": "./bin/esgenerate.js", "escodegen": "./bin/escodegen.js" } }, "sha512-6ioQhg16lFs5c7XJlJFXIDxBjO4yRvXC9yK6dLNNGuhI3a/fJukHanPF6qtpjGDgAFzI8Wuq3PSIarWmaOq/5A=="],

    "static-module/concat-stream": ["concat-stream@1.6.2", "", { "dependencies": { "buffer-from": "^1.0.0", "inherits": "^2.0.3", "readable-stream": "^2.2.2", "typedarray": "^0.0.6" } }, "sha512-27HBghJxjiZtIk3Ycvn/4kbJk/1uZuJFfuPEns6LaEvpvG1f0hTea8lilrouyo9mVc2GWdcEZ8OLoGmSADlrCw=="],

    "static-module/quote-stream": ["quote-stream@0.0.0", "", { "dependencies": { "minimist": "0.0.8", "through2": "~0.4.1" } }, "sha512-m4VtvjAMx00wgAS6eOy50ZDat1EBQeFKBIrtF/oxUt0MenEI33y7runJcRiOihc+JBBIt2aFFJhILIh4e9shJA=="],

    "static-module/through2": ["through2@0.4.2", "", { "dependencies": { "readable-stream": "~1.0.17", "xtend": "~2.1.1" } }, "sha512-45Llu+EwHKtAZYTPPVn3XZHBgakWMN3rokhEv5hu596XP+cNgplMg+Gj+1nmAvj+L0K7+N49zBKx5rah5u0QIQ=="],

    "through2/readable-stream": ["readable-stream@2.3.8", "", { "dependencies": { "core-util-is": "~1.0.0", "inherits": "~2.0.3", "isarray": "~1.0.0", "process-nextick-args": "~2.0.0", "safe-buffer": "~5.1.1", "string_decoder": "~1.1.1", "util-deprecate": "~1.0.1" } }, "sha512-8p0AUk4XODgIewSi0l8Epjs+EVnWiK7NoDIEGU0HhE7+ZyY8D1IMY7odu5lRrFXGg71L15KG8QrPmum45RTtdA=="],

    "togeojson/concat-stream": ["concat-stream@1.4.11", "", { "dependencies": { "inherits": "~2.0.1", "readable-stream": "~1.1.9", "typedarray": "~0.0.5" } }, "sha512-X3JMh8+4je3U1cQpG87+f9lXHDrqcb2MVLg9L7o8b1UZ0DzhRrUpdn65ttzu10PpJPPI3MQNkis+oha6TSA9Mw=="],

    "topojson/optimist": ["optimist@0.3.7", "", { "dependencies": { "wordwrap": "~0.0.2" } }, "sha512-TCx0dXQzVtSCg2OgY/bO9hjM9cV4XYx09TVK+s3+FhkjT6LovsLe+pPMzpWf+6yXK/hUizs2gUoTw3jHM0VaTQ=="],

    "wellknown/minimist": ["minimist@1.1.3", "", {}, "sha512-2RbeLaM/Hbo9vJ1+iRrxzfDnX9108qb2m923U+s+Ot2eMey0IYGdSjzHmvtg2XsxoCuMnzOMw7qc573RvnLgwg=="],

    "concat-stream/readable-stream/isarray": ["isarray@1.0.0", "", {}, "sha512-VLghIWNM6ELQzo7zwmcg0NmTVyWKYjvIeM83yjp0wRDTmUnrM678fQbcKBo6n2CJEF0szoG//ytg+TKla89ALQ=="],

    "concat-stream/readable-stream/process-nextick-args": ["process-nextick-args@1.0.7", "", {}, "sha512-yN0WQmuCX63LP/TMvAg31nvT6m4vDqJEiiv2CAZqWOGNWutc9DfDk1NPYYmKUFmaVM2UwDowH4u5AHWYP/jxKw=="],

    "duplexer2/readable-stream/isarray": ["isarray@0.0.1", "", {}, "sha512-D2S+3GLxWH+uhrNEcoh/fnmYeP8E8/zHl644d/jdA0g2uyXvy3sb0qxotE+ne0LtccHknQzWwZEzhak7oJ0COQ=="],

    "static-eval/escodegen/esprima": ["esprima@1.0.4", "", { "bin": { "esparse": "./bin/esparse.js", "esvalidate": "./bin/esvalidate.js" } }, "sha512-rp5dMKN8zEs9dfi9g0X1ClLmV//WRyk/R15mppFNICIFRG5P92VP7Z04p8pk++gABo9W2tY+kHyu6P1mEHgmTA=="],

    "static-eval/escodegen/estraverse": ["estraverse@1.3.2", "", {}, "sha512-OkbCPVUu8D9tbsLcUR+CKFRBbhZlogmkbWaP3BPERlkqzWL5Q6IdTz6eUk+b5cid2MTaCqJb2nNRGoJ8TpfPrg=="],

    "static-module/concat-stream/readable-stream": ["readable-stream@2.3.8", "", { "dependencies": { "core-util-is": "~1.0.0", "inherits": "~2.0.3", "isarray": "~1.0.0", "process-nextick-args": "~2.0.0", "safe-buffer": "~5.1.1", "string_decoder": "~1.1.1", "util-deprecate": "~1.0.1" } }, "sha512-8p0AUk4XODgIewSi0l8Epjs+EVnWiK7NoDIEGU0HhE7+ZyY8D1IMY7odu5lRrFXGg71L15KG8QrPmum45RTtdA=="],

    "static-module/concat-stream/typedarray": ["typedarray@0.0.6", "", {}, "sha512-/aCDEGatGvZ2BIk+HmLf4ifCJFwvKFNb9/JeZPMulfgFracn9QFcAf5GO8B/mweUjSoblS5In0cWhqpfs/5PQA=="],

    "static-module/through2/xtend": ["xtend@2.1.2", "", { "dependencies": { "object-keys": "~0.4.0" } }, "sha512-vMNKzr2rHP9Dp/e1NQFnLQlwlhp9L/LfvnsVdHxN1f+uggyVI3i08uD14GPvCToPkdsRfyPqIyYGmIk58V98ZQ=="],

    "through2/readable-stream/isarray": ["isarray@1.0.0", "", {}, "sha512-VLghIWNM6ELQzo7zwmcg0NmTVyWKYjvIeM83yjp0wRDTmUnrM678fQbcKBo6n2CJEF0szoG//ytg+TKla89ALQ=="],

    "through2/readable-stream/string_decoder": ["string_decoder@1.1.1", "", { "dependencies": { "safe-buffer": "~5.1.0" } }, "sha512-n/ShnvDi6FHbbVfviro+WojiFzv+s8MPMHBczVePfUpDJLwoLT0ht1l4YwBCbi8pJAveEEdnkHyPyTP/mzRfwg=="],

    "togeojson/concat-stream/readable-stream": ["readable-stream@1.1.14", "", { "dependencies": { "core-util-is": "~1.0.0", "inherits": "~2.0.1", "isarray": "0.0.1", "string_decoder": "~0.10.x" } }, "sha512-+MeVjFf4L44XUkhM1eYbD8fyEsxcV81pqMSR5gblfcLCHfZvbrqy4/qYHE+/R5HoBUT11WV5O08Cr1n3YXkWVQ=="],

    "static-module/concat-stream/readable-stream/isarray": ["isarray@1.0.0", "", {}, "sha512-VLghIWNM6ELQzo7zwmcg0NmTVyWKYjvIeM83yjp0wRDTmUnrM678fQbcKBo6n2CJEF0szoG//ytg+TKla89ALQ=="],

    "static-module/concat-stream/readable-stream/string_decoder": ["string_decoder@1.1.1", "", { "dependencies": { "safe-buffer": "~5.1.0" } }, "sha512-n/ShnvDi6FHbbVfviro+WojiFzv+s8MPMHBczVePfUpDJLwoLT0ht1l4YwBCbi8pJAveEEdnkHyPyTP/mzRfwg=="],

    "togeojson/concat-stream/readable-stream/isarray": ["isarray@0.0.1", "", {}, "sha512-D2S+3GLxWH+uhrNEcoh/fnmYeP8E8/zHl644d/jdA0g2uyXvy3sb0qxotE+ne0LtccHknQzWwZEzhak7oJ0COQ=="],
  }
}
